
Microsoft Visual Studio Solution File, Format Version 12.00
# Visual Studio Version 17
VisualStudioVersion = 17.0.31717.71
MinimumVisualStudioVersion = 10.0.40219.1
Project("{9A19103F-16F7-4668-BE54-9A1E7A4F7556}") = "MoviesApp", "MoviesApp\MoviesApp.csproj", "{FA9FE257-BF05-4262-9A95-D66165D07910}"
EndProject
Project("{FAE04EC0-301F-11D3-BF4B-00C04F79EFBC}") = "MoviesApp.UnitTest", "..\MoviesApp.UnitTest\MoviesApp.UnitTest\MoviesApp.UnitTest.csproj", "{6745FF95-0209-49B6-AD17-401F92783C36}"
EndProject
Global
	GlobalSection(SolutionConfigurationPlatforms) = preSolution
		Debug|Any CPU = Debug|Any CPU
		Release|Any CPU = Release|Any CPU
	EndGlobalSection
	GlobalSection(ProjectConfigurationPlatforms) = postSolution
		{FA9FE257-BF05-4262-9A95-D66165D07910}.Debug|Any CPU.ActiveCfg = Debug|Any CPU
		{FA9FE257-BF05-4262-9A95-D66165D07910}.Debug|Any CPU.Build.0 = Debug|Any CPU
		{FA9FE257-BF05-4262-9A95-D66165D07910}.Release|Any CPU.ActiveCfg = Release|Any CPU
		{FA9FE257-BF05-4262-9A95-D66165D07910}.Release|Any CPU.Build.0 = Release|Any CPU
		{6745FF95-0209-49B6-AD17-401F92783C36}.Debug|Any CPU.ActiveCfg = Debug|Any CPU
		{6745FF95-0209-49B6-AD17-401F92783C36}.Debug|Any CPU.Build.0 = Debug|Any CPU
		{6745FF95-0209-49B6-AD17-401F92783C36}.Release|Any CPU.ActiveCfg = Release|Any CPU
		{6745FF95-0209-49B6-AD17-401F92783C36}.Release|Any CPU.Build.0 = Release|Any CPU
	EndGlobalSection
	GlobalSection(SolutionProperties) = preSolution
		HideSolutionNode = FALSE
	EndGlobalSection
	GlobalSection(ExtensibilityGlobals) = postSolution
		SolutionGuid = {30F974BF-AA75-48DC-BA1D-FDCEBC870083}
	EndGlobalSection
EndGlobal
